// !$*UTF8*$!
{
	archiveVersion = 1;
	classes = {
	};
	objectVersion = 56;
	objects = {

/* Begin PBXBuildFile section */
		6BBB77202A1DE73500F17E4A /* SwapiPlanetsApp.swift in Sources */ = {isa = PBXBuildFile; fileRef = 6BBB771F2A1DE73500F17E4A /* SwapiPlanetsApp.swift */; };
		6BBB77222A1DE73500F17E4A /* ContentView.swift in Sources */ = {isa = PBXBuildFile; fileRef = 6BBB77212A1DE73500F17E4A /* ContentView.swift */; };
		6BBB77242A1DE73600F17E4A /* Assets.xcassets in Resources */ = {isa = PBXBuildFile; fileRef = 6BBB77232A1DE73600F17E4A /* Assets.xcassets */; };
		6BBB77272A1DE73600F17E4A /* Preview Assets.xcassets in Resources */ = {isa = PBXBuildFile; fileRef = 6BBB77262A1DE73600F17E4A /* Preview Assets.xcassets */; };
		6BBB77312A1DE73600F17E4A /* SwapiPlanetsTests.swift in Sources */ = {isa = PBXBuildFile; fileRef = 6BBB77302A1DE73600F17E4A /* SwapiPlanetsTests.swift */; };
		6BBB773B2A1DE73600F17E4A /* SwapiPlanetsUITests.swift in Sources */ = {isa = PBXBuildFile; fileRef = 6BBB773A2A1DE73600F17E4A /* SwapiPlanetsUITests.swift */; };
		6BBB773D2A1DE73600F17E4A /* SwapiPlanetsUITestsLaunchTests.swift in Sources */ = {isa = PBXBuildFile; fileRef = 6BBB773C2A1DE73600F17E4A /* SwapiPlanetsUITestsLaunchTests.swift */; };
		6BBB775A2A1DE75200F17E4A /* ConnectionManager.swift in Sources */ = {isa = PBXBuildFile; fileRef = 6BBB774A2A1DE75200F17E4A /* ConnectionManager.swift */; };
		6BBB775C2A1DE75200F17E4A /* URLReponseExtension.swift in Sources */ = {isa = PBXBuildFile; fileRef = 6BBB774C2A1DE75200F17E4A /* URLReponseExtension.swift */; };
		6BBB775D2A1DE75200F17E4A /* Rechability.swift in Sources */ = {isa = PBXBuildFile; fileRef = 6BBB774D2A1DE75200F17E4A /* Rechability.swift */; };
		6BBB775E2A1DE75200F17E4A /* ResponseHandler.swift in Sources */ = {isa = PBXBuildFile; fileRef = 6BBB774F2A1DE75200F17E4A /* ResponseHandler.swift */; };
		6BBB775F2A1DE75200F17E4A /* DataValidator.swift in Sources */ = {isa = PBXBuildFile; fileRef = 6BBB77502A1DE75200F17E4A /* DataValidator.swift */; };
		6BBB77602A1DE75200F17E4A /* APIHandler.swift in Sources */ = {isa = PBXBuildFile; fileRef = 6BBB77512A1DE75200F17E4A /* APIHandler.swift */; };
		6BBB77622A1DE75200F17E4A /* NetworkManager.swift in Sources */ = {isa = PBXBuildFile; fileRef = 6BBB77542A1DE75200F17E4A /* NetworkManager.swift */; };
		6BBB77632A1DE75200F17E4A /* PlanetModel.swift in Sources */ = {isa = PBXBuildFile; fileRef = 6BBB77562A1DE75200F17E4A /* PlanetModel.swift */; };
		6BBB77642A1DE75200F17E4A /* AppConstants.swift in Sources */ = {isa = PBXBuildFile; fileRef = 6BBB77582A1DE75200F17E4A /* AppConstants.swift */; };
		6BBB77652A1DE75200F17E4A /* NetworkConstants.swift in Sources */ = {isa = PBXBuildFile; fileRef = 6BBB77592A1DE75200F17E4A /* NetworkConstants.swift */; };
		6BBB77682A1DE99300F17E4A /* PlanetsViewModel.swift in Sources */ = {isa = PBXBuildFile; fileRef = 6BBB77672A1DE99300F17E4A /* PlanetsViewModel.swift */; };
		6BBB776A2A1DE9BF00F17E4A /* PlanetsView.swift in Sources */ = {isa = PBXBuildFile; fileRef = 6BBB77692A1DE9BF00F17E4A /* PlanetsView.swift */; };
		6BBB776E2A1E141C00F17E4A /* PlanetsModel.xcdatamodeld in Sources */ = {isa = PBXBuildFile; fileRef = 6BBB776C2A1E141C00F17E4A /* PlanetsModel.xcdatamodeld */; };
		6BBB77702A1E164F00F17E4A /* DataController.swift in Sources */ = {isa = PBXBuildFile; fileRef = 6BBB776F2A1E164F00F17E4A /* DataController.swift */; };
		6BBB77772A1E1F8F00F17E4A /* Planet+CoreDataClass.swift in Sources */ = {isa = PBXBuildFile; fileRef = 6BBB77752A1E1F8F00F17E4A /* Planet+CoreDataClass.swift */; };
		6BBB77782A1E1F8F00F17E4A /* Planet+CoreDataProperties.swift in Sources */ = {isa = PBXBuildFile; fileRef = 6BBB77762A1E1F8F00F17E4A /* Planet+CoreDataProperties.swift */; };
		6BBB777A2A1E377700F17E4A /* PlanetsTest.swift in Sources */ = {isa = PBXBuildFile; fileRef = 6BBB77792A1E377700F17E4A /* PlanetsTest.swift */; };
		6BBB777E2A1E771100F17E4A /* SwapiPlanets.xctestplan in Resources */ = {isa = PBXBuildFile; fileRef = 6BBB777D2A1E771100F17E4A /* SwapiPlanets.xctestplan */; };
/* End PBXBuildFile section */

/* Begin PBXContainerItemProxy section */
		6BBB772D2A1DE73600F17E4A /* PBXContainerItemProxy */ = {
			isa = PBXContainerItemProxy;
			containerPortal = 6BBB77142A1DE73500F17E4A /* Project object */;
			proxyType = 1;
			remoteGlobalIDString = 6BBB771B2A1DE73500F17E4A;
			remoteInfo = JPMCTest;
		};
		6BBB77372A1DE73600F17E4A /* PBXContainerItemProxy */ = {
			isa = PBXContainerItemProxy;
			containerPortal = 6BBB77142A1DE73500F17E4A /* Project object */;
			proxyType = 1;
			remoteGlobalIDString = 6BBB771B2A1DE73500F17E4A;
			remoteInfo = JPMCTest;
		};
/* End PBXContainerItemProxy section */

/* Begin PBXFileReference section */
		6BBB771C2A1DE73500F17E4A /* SwapiPlanets.app */ = {isa = PBXFileReference; explicitFileType = wrapper.application; includeInIndex = 0; path = SwapiPlanets.app; sourceTree = BUILT_PRODUCTS_DIR; };
		6BBB771F2A1DE73500F17E4A /* SwapiPlanetsApp.swift */ = {isa = PBXFileReference; lastKnownFileType = sourcecode.swift; path = SwapiPlanetsApp.swift; sourceTree = "<group>"; };
		6BBB77212A1DE73500F17E4A /* ContentView.swift */ = {isa = PBXFileReference; lastKnownFileType = sourcecode.swift; path = ContentView.swift; sourceTree = "<group>"; };
		6BBB77232A1DE73600F17E4A /* Assets.xcassets */ = {isa = PBXFileReference; lastKnownFileType = folder.assetcatalog; path = Assets.xcassets; sourceTree = "<group>"; };
		6BBB77262A1DE73600F17E4A /* Preview Assets.xcassets */ = {isa = PBXFileReference; lastKnownFileType = folder.assetcatalog; path = "Preview Assets.xcassets"; sourceTree = "<group>"; };
		6BBB772C2A1DE73600F17E4A /* SwapiPlanetsTests.xctest */ = {isa = PBXFileReference; explicitFileType = wrapper.cfbundle; includeInIndex = 0; path = SwapiPlanetsTests.xctest; sourceTree = BUILT_PRODUCTS_DIR; };
		6BBB77302A1DE73600F17E4A /* SwapiPlanetsTests.swift */ = {isa = PBXFileReference; lastKnownFileType = sourcecode.swift; path = SwapiPlanetsTests.swift; sourceTree = "<group>"; };
		6BBB77362A1DE73600F17E4A /* SwapiPlanetsUITests.xctest */ = {isa = PBXFileReference; explicitFileType = wrapper.cfbundle; includeInIndex = 0; path = SwapiPlanetsUITests.xctest; sourceTree = BUILT_PRODUCTS_DIR; };
		6BBB773A2A1DE73600F17E4A /* SwapiPlanetsUITests.swift */ = {isa = PBXFileReference; lastKnownFileType = sourcecode.swift; path = SwapiPlanetsUITests.swift; sourceTree = "<group>"; };
		6BBB773C2A1DE73600F17E4A /* SwapiPlanetsUITestsLaunchTests.swift */ = {isa = PBXFileReference; lastKnownFileType = sourcecode.swift; path = SwapiPlanetsUITestsLaunchTests.swift; sourceTree = "<group>"; };
		6BBB774A2A1DE75200F17E4A /* ConnectionManager.swift */ = {isa = PBXFileReference; fileEncoding = 4; lastKnownFileType = sourcecode.swift; path = ConnectionManager.swift; sourceTree = "<group>"; };
		6BBB774C2A1DE75200F17E4A /* URLReponseExtension.swift */ = {isa = PBXFileReference; fileEncoding = 4; lastKnownFileType = sourcecode.swift; path = URLReponseExtension.swift; sourceTree = "<group>"; };
		6BBB774D2A1DE75200F17E4A /* Rechability.swift */ = {isa = PBXFileReference; fileEncoding = 4; lastKnownFileType = sourcecode.swift; path = Rechability.swift; sourceTree = "<group>"; };
		6BBB774F2A1DE75200F17E4A /* ResponseHandler.swift */ = {isa = PBXFileReference; fileEncoding = 4; lastKnownFileType = sourcecode.swift; path = ResponseHandler.swift; sourceTree = "<group>"; };
		6BBB77502A1DE75200F17E4A /* DataValidator.swift */ = {isa = PBXFileReference; fileEncoding = 4; lastKnownFileType = sourcecode.swift; path = DataValidator.swift; sourceTree = "<group>"; };
		6BBB77512A1DE75200F17E4A /* APIHandler.swift */ = {isa = PBXFileReference; fileEncoding = 4; lastKnownFileType = sourcecode.swift; path = APIHandler.swift; sourceTree = "<group>"; };
		6BBB77542A1DE75200F17E4A /* NetworkManager.swift */ = {isa = PBXFileReference; fileEncoding = 4; lastKnownFileType = sourcecode.swift; path = NetworkManager.swift; sourceTree = "<group>"; };
		6BBB77562A1DE75200F17E4A /* PlanetModel.swift */ = {isa = PBXFileReference; fileEncoding = 4; lastKnownFileType = sourcecode.swift; path = PlanetModel.swift; sourceTree = "<group>"; };
		6BBB77582A1DE75200F17E4A /* AppConstants.swift */ = {isa = PBXFileReference; fileEncoding = 4; lastKnownFileType = sourcecode.swift; path = AppConstants.swift; sourceTree = "<group>"; };
		6BBB77592A1DE75200F17E4A /* NetworkConstants.swift */ = {isa = PBXFileReference; fileEncoding = 4; lastKnownFileType = sourcecode.swift; path = NetworkConstants.swift; sourceTree = "<group>"; };
		6BBB77672A1DE99300F17E4A /* PlanetsViewModel.swift */ = {isa = PBXFileReference; lastKnownFileType = sourcecode.swift; path = PlanetsViewModel.swift; sourceTree = "<group>"; };
		6BBB77692A1DE9BF00F17E4A /* PlanetsView.swift */ = {isa = PBXFileReference; lastKnownFileType = sourcecode.swift; path = PlanetsView.swift; sourceTree = "<group>"; };
		6BBB776D2A1E141C00F17E4A /* PlanetsModel.xcdatamodel */ = {isa = PBXFileReference; lastKnownFileType = wrapper.xcdatamodel; path = PlanetsModel.xcdatamodel; sourceTree = "<group>"; };
		6BBB776F2A1E164F00F17E4A /* DataController.swift */ = {isa = PBXFileReference; lastKnownFileType = sourcecode.swift; path = DataController.swift; sourceTree = "<group>"; };
		6BBB77752A1E1F8F00F17E4A /* Planet+CoreDataClass.swift */ = {isa = PBXFileReference; lastKnownFileType = sourcecode.swift; path = "Planet+CoreDataClass.swift"; sourceTree = SOURCE_ROOT; };
		6BBB77762A1E1F8F00F17E4A /* Planet+CoreDataProperties.swift */ = {isa = PBXFileReference; lastKnownFileType = sourcecode.swift; path = "Planet+CoreDataProperties.swift"; sourceTree = SOURCE_ROOT; };
		6BBB77792A1E377700F17E4A /* PlanetsTest.swift */ = {isa = PBXFileReference; lastKnownFileType = sourcecode.swift; path = PlanetsTest.swift; sourceTree = "<group>"; };
		6BBB777D2A1E771100F17E4A /* SwapiPlanets.xctestplan */ = {isa = PBXFileReference; fileEncoding = 4; lastKnownFileType = text; path = SwapiPlanets.xctestplan; sourceTree = "<group>"; };
/* End PBXFileReference section */

/* Begin PBXFrameworksBuildPhase section */
		6BBB77192A1DE73500F17E4A /* Frameworks */ = {
			isa = PBXFrameworksBuildPhase;
			buildActionMask = 2147483647;
			files = (
			);
			runOnlyForDeploymentPostprocessing = 0;
		};
		6BBB77292A1DE73600F17E4A /* Frameworks */ = {
			isa = PBXFrameworksBuildPhase;
			buildActionMask = 2147483647;
			files = (
			);
			runOnlyForDeploymentPostprocessing = 0;
		};
		6BBB77332A1DE73600F17E4A /* Frameworks */ = {
			isa = PBXFrameworksBuildPhase;
			buildActionMask = 2147483647;
			files = (
			);
			runOnlyForDeploymentPostprocessing = 0;
		};
/* End PBXFrameworksBuildPhase section */

/* Begin PBXGroup section */
		6BBB77132A1DE73500F17E4A = {
			isa = PBXGroup;
			children = (
				6BBB777D2A1E771100F17E4A /* SwapiPlanets.xctestplan */,
				6BBB771E2A1DE73500F17E4A /* SwapiPlanets */,
				6BBB772F2A1DE73600F17E4A /* SwapiPlanetsTests */,
				6BBB77392A1DE73600F17E4A /* SwapiPlanetsUITests */,
				6BBB771D2A1DE73500F17E4A /* Products */,
			);
			sourceTree = "<group>";
		};
		6BBB771D2A1DE73500F17E4A /* Products */ = {
			isa = PBXGroup;
			children = (
				6BBB771C2A1DE73500F17E4A /* SwapiPlanets.app */,
				6BBB772C2A1DE73600F17E4A /* SwapiPlanetsTests.xctest */,
				6BBB77362A1DE73600F17E4A /* SwapiPlanetsUITests.xctest */,
			);
			name = Products;
			sourceTree = "<group>";
		};
		6BBB771E2A1DE73500F17E4A /* SwapiPlanets */ = {
			isa = PBXGroup;
			children = (
				6BBB776B2A1E13F900F17E4A /* Offline */,
				6BBB77662A1DE89200F17E4A /* Planets */,
				6BBB77572A1DE75200F17E4A /* Constants */,
				6BBB774E2A1DE75200F17E4A /* Handler */,
				6BBB77552A1DE75200F17E4A /* Model */,
				6BBB77522A1DE75200F17E4A /* Network */,
				6BBB77492A1DE75200F17E4A /* Utility */,
				6BBB771F2A1DE73500F17E4A /* SwapiPlanetsApp.swift */,
				6BBB77212A1DE73500F17E4A /* ContentView.swift */,
				6BBB77232A1DE73600F17E4A /* Assets.xcassets */,
				6BBB77252A1DE73600F17E4A /* Preview Content */,
			);
			path = SwapiPlanets;
			sourceTree = "<group>";
		};
		6BBB77252A1DE73600F17E4A /* Preview Content */ = {
			isa = PBXGroup;
			children = (
				6BBB77262A1DE73600F17E4A /* Preview Assets.xcassets */,
			);
			path = "Preview Content";
			sourceTree = "<group>";
		};
		6BBB772F2A1DE73600F17E4A /* SwapiPlanetsTests */ = {
			isa = PBXGroup;
			children = (
				6BBB77302A1DE73600F17E4A /* SwapiPlanetsTests.swift */,
				6BBB77792A1E377700F17E4A /* PlanetsTest.swift */,
			);
			path = SwapiPlanetsTests;
			sourceTree = "<group>";
		};
		6BBB77392A1DE73600F17E4A /* SwapiPlanetsUITests */ = {
			isa = PBXGroup;
			children = (
				6BBB773A2A1DE73600F17E4A /* SwapiPlanetsUITests.swift */,
				6BBB773C2A1DE73600F17E4A /* SwapiPlanetsUITestsLaunchTests.swift */,
			);
			path = SwapiPlanetsUITests;
			sourceTree = "<group>";
		};
		6BBB77492A1DE75200F17E4A /* Utility */ = {
			isa = PBXGroup;
			children = (
				6BBB774A2A1DE75200F17E4A /* ConnectionManager.swift */,
				6BBB774C2A1DE75200F17E4A /* URLReponseExtension.swift */,
				6BBB774D2A1DE75200F17E4A /* Rechability.swift */,
			);
			path = Utility;
			sourceTree = "<group>";
		};
		6BBB774E2A1DE75200F17E4A /* Handler */ = {
			isa = PBXGroup;
			children = (
				6BBB774F2A1DE75200F17E4A /* ResponseHandler.swift */,
				6BBB77502A1DE75200F17E4A /* DataValidator.swift */,
				6BBB77512A1DE75200F17E4A /* APIHandler.swift */,
			);
			path = Handler;
			sourceTree = "<group>";
		};
		6BBB77522A1DE75200F17E4A /* Network */ = {
			isa = PBXGroup;
			children = (
				6BBB77542A1DE75200F17E4A /* NetworkManager.swift */,
			);
			path = Network;
			sourceTree = "<group>";
		};
		6BBB77552A1DE75200F17E4A /* Model */ = {
			isa = PBXGroup;
			children = (
				6BBB77562A1DE75200F17E4A /* PlanetModel.swift */,
			);
			path = Model;
			sourceTree = "<group>";
		};
		6BBB77572A1DE75200F17E4A /* Constants */ = {
			isa = PBXGroup;
			children = (
				6BBB77582A1DE75200F17E4A /* AppConstants.swift */,
				6BBB77592A1DE75200F17E4A /* NetworkConstants.swift */,
			);
			path = Constants;
			sourceTree = "<group>";
		};
		6BBB77662A1DE89200F17E4A /* Planets */ = {
			isa = PBXGroup;
			children = (
				6BBB77672A1DE99300F17E4A /* PlanetsViewModel.swift */,
				6BBB77692A1DE9BF00F17E4A /* PlanetsView.swift */,
			);
			path = Planets;
			sourceTree = "<group>";
		};
		6BBB776B2A1E13F900F17E4A /* Offline */ = {
			isa = PBXGroup;
			children = (
				6BBB77752A1E1F8F00F17E4A /* Planet+CoreDataClass.swift */,
				6BBB77762A1E1F8F00F17E4A /* Planet+CoreDataProperties.swift */,
				6BBB776C2A1E141C00F17E4A /* PlanetsModel.xcdatamodeld */,
				6BBB776F2A1E164F00F17E4A /* DataController.swift */,
			);
			path = Offline;
			sourceTree = "<group>";
		};
/* End PBXGroup section */

/* Begin PBXNativeTarget section */
		6BBB771B2A1DE73500F17E4A /* SwapiPlanets */ = {
			isa = PBXNativeTarget;
			buildConfigurationList = 6BBB77402A1DE73600F17E4A /* Build configuration list for PBXNativeTarget "SwapiPlanets" */;
			buildPhases = (
				6BBB77182A1DE73500F17E4A /* Sources */,
				6BBB77192A1DE73500F17E4A /* Frameworks */,
				6BBB771A2A1DE73500F17E4A /* Resources */,
			);
			buildRules = (
			);
			dependencies = (
			);
			name = SwapiPlanets;
			productName = JPMCTest;
			productReference = 6BBB771C2A1DE73500F17E4A /* SwapiPlanets.app */;
			productType = "com.apple.product-type.application";
		};
		6BBB772B2A1DE73600F17E4A /* SwapiPlanetsTests */ = {
			isa = PBXNativeTarget;
			buildConfigurationList = 6BBB77432A1DE73600F17E4A /* Build configuration list for PBXNativeTarget "SwapiPlanetsTests" */;
			buildPhases = (
				6BBB77282A1DE73600F17E4A /* Sources */,
				6BBB77292A1DE73600F17E4A /* Frameworks */,
				6BBB772A2A1DE73600F17E4A /* Resources */,
			);
			buildRules = (
			);
			dependencies = (
				6BBB772E2A1DE73600F17E4A /* PBXTargetDependency */,
			);
			name = SwapiPlanetsTests;
			productName = JPMCTestTests;
			productReference = 6BBB772C2A1DE73600F17E4A /* SwapiPlanetsTests.xctest */;
			productType = "com.apple.product-type.bundle.unit-test";
		};
		6BBB77352A1DE73600F17E4A /* SwapiPlanetsUITests */ = {
			isa = PBXNativeTarget;
			buildConfigurationList = 6BBB77462A1DE73600F17E4A /* Build configuration list for PBXNativeTarget "SwapiPlanetsUITests" */;
			buildPhases = (
				6BBB77322A1DE73600F17E4A /* Sources */,
				6BBB77332A1DE73600F17E4A /* Frameworks */,
				6BBB77342A1DE73600F17E4A /* Resources */,
			);
			buildRules = (
			);
			dependencies = (
				6BBB77382A1DE73600F17E4A /* PBXTargetDependency */,
			);
			name = SwapiPlanetsUITests;
			productName = JPMCTestUITests;
			productReference = 6BBB77362A1DE73600F17E4A /* SwapiPlanetsUITests.xctest */;
			productType = "com.apple.product-type.bundle.ui-testing";
		};
/* End PBXNativeTarget section */

/* Begin PBXProject section */
		6BBB77142A1DE73500F17E4A /* Project object */ = {
			isa = PBXProject;
			attributes = {
				BuildIndependentTargetsInParallel = 1;
				LastSwiftUpdateCheck = 1430;
				LastUpgradeCheck = 1430;
				TargetAttributes = {
					6BBB771B2A1DE73500F17E4A = {
						CreatedOnToolsVersion = 14.3;
					};
					6BBB772B2A1DE73600F17E4A = {
						CreatedOnToolsVersion = 14.3;
						TestTargetID = 6BBB771B2A1DE73500F17E4A;
					};
					6BBB77352A1DE73600F17E4A = {
						CreatedOnToolsVersion = 14.3;
						TestTargetID = 6BBB771B2A1DE73500F17E4A;
					};
				};
			};
			buildConfigurationList = 6BBB77172A1DE73500F17E4A /* Build configuration list for PBXProject "SwapiPlanets" */;
			compatibilityVersion = "Xcode 14.0";
			developmentRegion = en;
			hasScannedForEncodings = 0;
			knownRegions = (
				en,
				Base,
			);
			mainGroup = 6BBB77132A1DE73500F17E4A;
			productRefGroup = 6BBB771D2A1DE73500F17E4A /* Products */;
			projectDirPath = "";
			projectRoot = "";
			targets = (
				6BBB771B2A1DE73500F17E4A /* SwapiPlanets */,
				6BBB772B2A1DE73600F17E4A /* SwapiPlanetsTests */,
				6BBB77352A1DE73600F17E4A /* SwapiPlanetsUITests */,
			);
		};
/* End PBXProject section */

/* Begin PBXResourcesBuildPhase section */
		6BBB771A2A1DE73500F17E4A /* Resources */ = {
			isa = PBXResourcesBuildPhase;
			buildActionMask = 2147483647;
			files = (
				6BBB777E2A1E771100F17E4A /* SwapiPlanets.xctestplan in Resources */,
				6BBB77272A1DE73600F17E4A /* Preview Assets.xcassets in Resources */,
				6BBB77242A1DE73600F17E4A /* Assets.xcassets in Resources */,
			);
			runOnlyForDeploymentPostprocessing = 0;
		};
		6BBB772A2A1DE73600F17E4A /* Resources */ = {
			isa = PBXResourcesBuildPhase;
			buildActionMask = 2147483647;
			files = (
			);
			runOnlyForDeploymentPostprocessing = 0;
		};
		6BBB77342A1DE73600F17E4A /* Resources */ = {
			isa = PBXResourcesBuildPhase;
			buildActionMask = 2147483647;
			files = (
			);
			runOnlyForDeploymentPostprocessing = 0;
		};
/* End PBXResourcesBuildPhase section */

/* Begin PBXSourcesBuildPhase section */
		6BBB77182A1DE73500F17E4A /* Sources */ = {
			isa = PBXSourcesBuildPhase;
			buildActionMask = 2147483647;
			files = (
				6BBB77652A1DE75200F17E4A /* NetworkConstants.swift in Sources */,
				6BBB775D2A1DE75200F17E4A /* Rechability.swift in Sources */,
				6BBB775C2A1DE75200F17E4A /* URLReponseExtension.swift in Sources */,
				6BBB77782A1E1F8F00F17E4A /* Planet+CoreDataProperties.swift in Sources */,
				6BBB77222A1DE73500F17E4A /* ContentView.swift in Sources */,
				6BBB77622A1DE75200F17E4A /* NetworkManager.swift in Sources */,
				6BBB77632A1DE75200F17E4A /* PlanetModel.swift in Sources */,
				6BBB775A2A1DE75200F17E4A /* ConnectionManager.swift in Sources */,
				6BBB77202A1DE73500F17E4A /* SwapiPlanetsApp.swift in Sources */,
				6BBB77602A1DE75200F17E4A /* APIHandler.swift in Sources */,
				6BBB77642A1DE75200F17E4A /* AppConstants.swift in Sources */,
				6BBB775F2A1DE75200F17E4A /* DataValidator.swift in Sources */,
				6BBB776E2A1E141C00F17E4A /* PlanetsModel.xcdatamodeld in Sources */,
				6BBB77682A1DE99300F17E4A /* PlanetsViewModel.swift in Sources */,
				6BBB77772A1E1F8F00F17E4A /* Planet+CoreDataClass.swift in Sources */,
				6BBB77702A1E164F00F17E4A /* DataController.swift in Sources */,
				6BBB776A2A1DE9BF00F17E4A /* PlanetsView.swift in Sources */,
				6BBB775E2A1DE75200F17E4A /* ResponseHandler.swift in Sources */,
			);
			runOnlyForDeploymentPostprocessing = 0;
		};
		6BBB77282A1DE73600F17E4A /* Sources */ = {
			isa = PBXSourcesBuildPhase;
			buildActionMask = 2147483647;
			files = (
				6BBB77312A1DE73600F17E4A /* SwapiPlanetsTests.swift in Sources */,
				6BBB777A2A1E377700F17E4A /* PlanetsTest.swift in Sources */,
			);
			runOnlyForDeploymentPostprocessing = 0;
		};
		6BBB77322A1DE73600F17E4A /* Sources */ = {
			isa = PBXSourcesBuildPhase;
			buildActionMask = 2147483647;
			files = (
				6BBB773D2A1DE73600F17E4A /* SwapiPlanetsUITestsLaunchTests.swift in Sources */,
				6BBB773B2A1DE73600F17E4A /* SwapiPlanetsUITests.swift in Sources */,
			);
			runOnlyForDeploymentPostprocessing = 0;
		};
/* End PBXSourcesBuildPhase section */

/* Begin PBXTargetDependency section */
		6BBB772E2A1DE73600F17E4A /* PBXTargetDependency */ = {
			isa = PBXTargetDependency;
			target = 6BBB771B2A1DE73500F17E4A /* SwapiPlanets */;
			targetProxy = 6BBB772D2A1DE73600F17E4A /* PBXContainerItemProxy */;
		};
		6BBB77382A1DE73600F17E4A /* PBXTargetDependency */ = {
			isa = PBXTargetDependency;
			target = 6BBB771B2A1DE73500F17E4A /* SwapiPlanets */;
			targetProxy = 6BBB77372A1DE73600F17E4A /* PBXContainerItemProxy */;
		};
/* End PBXTargetDependency section */

/* Begin XCBuildConfiguration section */
		6BBB773E2A1DE73600F17E4A /* Debug */ = {
			isa = XCBuildConfiguration;
			buildSettings = {
				ALWAYS_SEARCH_USER_PATHS = NO;
				CLANG_ANALYZER_NONNULL = YES;
				CLANG_ANALYZER_NUMBER_OBJECT_CONVERSION = YES_AGGRESSIVE;
				CLANG_CXX_LANGUAGE_STANDARD = "gnu++20";
				CLANG_ENABLE_MODULES = YES;
				CLANG_ENABLE_OBJC_ARC = YES;
				CLANG_ENABLE_OBJC_WEAK = YES;
				CLANG_WARN_BLOCK_CAPTURE_AUTORELEASING = YES;
				CLANG_WARN_BOOL_CONVERSION = YES;
				CLANG_WARN_COMMA = YES;
				CLANG_WARN_CONSTANT_CONVERSION = YES;
				CLANG_WARN_DEPRECATED_OBJC_IMPLEMENTATIONS = YES;
				CLANG_WARN_DIRECT_OBJC_ISA_USAGE = YES_ERROR;
				CLANG_WARN_DOCUMENTATION_COMMENTS = YES;
				CLANG_WARN_EMPTY_BODY = YES;
				CLANG_WARN_ENUM_CONVERSION = YES;
				CLANG_WARN_INFINITE_RECURSION = YES;
				CLANG_WARN_INT_CONVERSION = YES;
				CLANG_WARN_NON_LITERAL_NULL_CONVERSION = YES;
				CLANG_WARN_OBJC_IMPLICIT_RETAIN_SELF = YES;
				CLANG_WARN_OBJC_LITERAL_CONVERSION = YES;
				CLANG_WARN_OBJC_ROOT_CLASS = YES_ERROR;
				CLANG_WARN_QUOTED_INCLUDE_IN_FRAMEWORK_HEADER = YES;
				CLANG_WARN_RANGE_LOOP_ANALYSIS = YES;
				CLANG_WARN_STRICT_PROTOTYPES = YES;
				CLANG_WARN_SUSPICIOUS_MOVE = YES;
				CLANG_WARN_UNGUARDED_AVAILABILITY = YES_AGGRESSIVE;
				CLANG_WARN_UNREACHABLE_CODE = YES;
				CLANG_WARN__DUPLICATE_METHOD_MATCH = YES;
				COPY_PHASE_STRIP = NO;
				DEBUG_INFORMATION_FORMAT = dwarf;
				ENABLE_STRICT_OBJC_MSGSEND = YES;
				ENABLE_TESTABILITY = YES;
				GCC_C_LANGUAGE_STANDARD = gnu11;
				GCC_DYNAMIC_NO_PIC = NO;
				GCC_NO_COMMON_BLOCKS = YES;
				GCC_OPTIMIZATION_LEVEL = 0;
				GCC_PREPROCESSOR_DEFINITIONS = (
					"DEBUG=1",
					"$(inherited)",
				);
				GCC_WARN_64_TO_32_BIT_CONVERSION = YES;
				GCC_WARN_ABOUT_RETURN_TYPE = YES_ERROR;
				GCC_WARN_UNDECLARED_SELECTOR = YES;
				GCC_WARN_UNINITIALIZED_AUTOS = YES_AGGRESSIVE;
				GCC_WARN_UNUSED_FUNCTION = YES;
				GCC_WARN_UNUSED_VARIABLE = YES;
				IPHONEOS_DEPLOYMENT_TARGET = 15.0;
				MTL_ENABLE_DEBUG_INFO = INCLUDE_SOURCE;
				MTL_FAST_MATH = YES;
				ONLY_ACTIVE_ARCH = YES;
				SDKROOT = iphoneos;
				SWIFT_ACTIVE_COMPILATION_CONDITIONS = DEBUG;
				SWIFT_OPTIMIZATION_LEVEL = "-Onone";
			};
			name = Debug;
		};
		6BBB773F2A1DE73600F17E4A /* Release */ = {
			isa = XCBuildConfiguration;
			buildSettings = {
				ALWAYS_SEARCH_USER_PATHS = NO;
				CLANG_ANALYZER_NONNULL = YES;
				CLANG_ANALYZER_NUMBER_OBJECT_CONVERSION = YES_AGGRESSIVE;
				CLANG_CXX_LANGUAGE_STANDARD = "gnu++20";
				CLANG_ENABLE_MODULES = YES;
				CLANG_ENABLE_OBJC_ARC = YES;
				CLANG_ENABLE_OBJC_WEAK = YES;
				CLANG_WARN_BLOCK_CAPTURE_AUTORELEASING = YES;
				CLANG_WARN_BOOL_CONVERSION = YES;
				CLANG_WARN_COMMA = YES;
				CLANG_WARN_CONSTANT_CONVERSION = YES;
				CLANG_WARN_DEPRECATED_OBJC_IMPLEMENTATIONS = YES;
				CLANG_WARN_DIRECT_OBJC_ISA_USAGE = YES_ERROR;
				CLANG_WARN_DOCUMENTATION_COMMENTS = YES;
				CLANG_WARN_EMPTY_BODY = YES;
				CLANG_WARN_ENUM_CONVERSION = YES;
				CLANG_WARN_INFINITE_RECURSION = YES;
				CLANG_WARN_INT_CONVERSION = YES;
				CLANG_WARN_NON_LITERAL_NULL_CONVERSION = YES;
				CLANG_WARN_OBJC_IMPLICIT_RETAIN_SELF = YES;
				CLANG_WARN_OBJC_LITERAL_CONVERSION = YES;
				CLANG_WARN_OBJC_ROOT_CLASS = YES_ERROR;
				CLANG_WARN_QUOTED_INCLUDE_IN_FRAMEWORK_HEADER = YES;
				CLANG_WARN_RANGE_LOOP_ANALYSIS = YES;
				CLANG_WARN_STRICT_PROTOTYPES = YES;
				CLANG_WARN_SUSPICIOUS_MOVE = YES;
				CLANG_WARN_UNGUARDED_AVAILABILITY = YES_AGGRESSIVE;
				CLANG_WARN_UNREACHABLE_CODE = YES;
				CLANG_WARN__DUPLICATE_METHOD_MATCH = YES;
				COPY_PHASE_STRIP = NO;
				DEBUG_INFORMATION_FORMAT = "dwarf-with-dsym";
				ENABLE_NS_ASSERTIONS = NO;
				ENABLE_STRICT_OBJC_MSGSEND = YES;
				GCC_C_LANGUAGE_STANDARD = gnu11;
				GCC_NO_COMMON_BLOCKS = YES;
				GCC_WARN_64_TO_32_BIT_CONVERSION = YES;
				GCC_WARN_ABOUT_RETURN_TYPE = YES_ERROR;
				GCC_WARN_UNDECLARED_SELECTOR = YES;
				GCC_WARN_UNINITIALIZED_AUTOS = YES_AGGRESSIVE;
				GCC_WARN_UNUSED_FUNCTION = YES;
				GCC_WARN_UNUSED_VARIABLE = YES;
				IPHONEOS_DEPLOYMENT_TARGET = 15.0;
				MTL_ENABLE_DEBUG_INFO = NO;
				MTL_FAST_MATH = YES;
				SDKROOT = iphoneos;
				SWIFT_COMPILATION_MODE = wholemodule;
				SWIFT_OPTIMIZATION_LEVEL = "-O";
				VALIDATE_PRODUCT = YES;
			};
			name = Release;
		};
		6BBB77412A1DE73600F17E4A /* Debug */ = {
			isa = XCBuildConfiguration;
			buildSettings = {
				ASSETCATALOG_COMPILER_APPICON_NAME = AppIcon;
				ASSETCATALOG_COMPILER_GLOBAL_ACCENT_COLOR_NAME = AccentColor;
				CODE_SIGN_STYLE = Automatic;
				CURRENT_PROJECT_VERSION = 1;
				DEVELOPMENT_ASSET_PATHS = "\"SwapiPlanets/Preview Content\"";
				DEVELOPMENT_TEAM = 47P77YSAZ5;
				ENABLE_PREVIEWS = YES;
				GENERATE_INFOPLIST_FILE = YES;
				INFOPLIST_KEY_UIApplicationSceneManifest_Generation = YES;
				INFOPLIST_KEY_UIApplicationSupportsIndirectInputEvents = YES;
				INFOPLIST_KEY_UILaunchScreen_Generation = YES;
				INFOPLIST_KEY_UISupportedInterfaceOrientations_iPad = "UIInterfaceOrientationPortrait UIInterfaceOrientationPortraitUpsideDown UIInterfaceOrientationLandscapeLeft UIInterfaceOrientationLandscapeRight";
				INFOPLIST_KEY_UISupportedInterfaceOrientations_iPhone = "UIInterfaceOrientationPortrait UIInterfaceOrientationLandscapeLeft UIInterfaceOrientationLandscapeRight";
				LD_RUNPATH_SEARCH_PATHS = (
					"$(inherited)",
					"@executable_path/Frameworks",
				);
				MARKETING_VERSION = 1.0;
				PRODUCT_BUNDLE_IDENTIFIER = com.Atul.SwapiPlanets;
				PRODUCT_NAME = "$(TARGET_NAME)";
				SWIFT_EMIT_LOC_STRINGS = YES;
				SWIFT_VERSION = 5.0;
				TARGETED_DEVICE_FAMILY = "1,2";
			};
			name = Debug;
		};
		6BBB77422A1DE73600F17E4A /* Release */ = {
			isa = XCBuildConfiguration;
			buildSettings = {
				ASSETCATALOG_COMPILER_APPICON_NAME = AppIcon;
				ASSETCATALOG_COMPILER_GLOBAL_ACCENT_COLOR_NAME = AccentColor;
				CODE_SIGN_STYLE = Automatic;
				CURRENT_PROJECT_VERSION = 1;
				DEVELOPMENT_ASSET_PATHS = "\"SwapiPlanets/Preview Content\"";
				DEVELOPMENT_TEAM = 47P77YSAZ5;
				ENABLE_PREVIEWS = YES;
				GENERATE_INFOPLIST_FILE = YES;
				INFOPLIST_KEY_UIApplicationSceneManifest_Generation = YES;
				INFOPLIST_KEY_UIApplicationSupportsIndirectInputEvents = YES;
				INFOPLIST_KEY_UILaunchScreen_Generation = YES;
				INFOPLIST_KEY_UISupportedInterfaceOrientations_iPad = "UIInterfaceOrientationPortrait UIInterfaceOrientationPortraitUpsideDown UIInterfaceOrientationLandscapeLeft UIInterfaceOrientationLandscapeRight";
				INFOPLIST_KEY_UISupportedInterfaceOrientations_iPhone = "UIInterfaceOrientationPortrait UIInterfaceOrientationLandscapeLeft UIInterfaceOrientationLandscapeRight";
				LD_RUNPATH_SEARCH_PATHS = (
					"$(inherited)",
					"@executable_path/Frameworks",
				);
				MARKETING_VERSION = 1.0;
				PRODUCT_BUNDLE_IDENTIFIER = com.Atul.SwapiPlanets;
				PRODUCT_NAME = "$(TARGET_NAME)";
				SWIFT_EMIT_LOC_STRINGS = YES;
				SWIFT_VERSION = 5.0;
				TARGETED_DEVICE_FAMILY = "1,2";
			};
			name = Release;
		};
		6BBB77442A1DE73600F17E4A /* Debug */ = {
			isa = XCBuildConfiguration;
			buildSettings = {
				ALWAYS_EMBED_SWIFT_STANDARD_LIBRARIES = YES;
				BUNDLE_LOADER = "$(TEST_HOST)";
				CODE_SIGN_STYLE = Automatic;
				CURRENT_PROJECT_VERSION = 1;
				DEVELOPMENT_TEAM = 47P77YSAZ5;
				GENERATE_INFOPLIST_FILE = YES;
				IPHONEOS_DEPLOYMENT_TARGET = 16.4;
				MARKETING_VERSION = 1.0;
				PRODUCT_BUNDLE_IDENTIFIER = com.Atul.SwapiPlanetsTests;
				PRODUCT_NAME = "$(TARGET_NAME)";
				SWIFT_EMIT_LOC_STRINGS = NO;
				SWIFT_VERSION = 5.0;
				TARGETED_DEVICE_FAMILY = "1,2";
				TEST_HOST = "$(BUILT_PRODUCTS_DIR)/SwapiPlanets.app/$(BUNDLE_EXECUTABLE_FOLDER_PATH)/SwapiPlanets";
			};
			name = Debug;
		};
		6BBB77452A1DE73600F17E4A /* Release */ = {
			isa = XCBuildConfiguration;
			buildSettings = {
				ALWAYS_EMBED_SWIFT_STANDARD_LIBRARIES = YES;
				BUNDLE_LOADER = "$(TEST_HOST)";
				CODE_SIGN_STYLE = Automatic;
				CURRENT_PROJECT_VERSION = 1;
				DEVELOPMENT_TEAM = 47P77YSAZ5;
				GENERATE_INFOPLIST_FILE = YES;
				IPHONEOS_DEPLOYMENT_TARGET = 16.4;
				MARKETING_VERSION = 1.0;
				PRODUCT_BUNDLE_IDENTIFIER = com.Atul.SwapiPlanetsTests;
				PRODUCT_NAME = "$(TARGET_NAME)";
				SWIFT_EMIT_LOC_STRINGS = NO;
				SWIFT_VERSION = 5.0;
				TARGETED_DEVICE_FAMILY = "1,2";
				TEST_HOST = "$(BUILT_PRODUCTS_DIR)/SwapiPlanets.app/$(BUNDLE_EXECUTABLE_FOLDER_PATH)/SwapiPlanets";
			};
			name = Release;
		};
		6BBB77472A1DE73600F17E4A /* Debug */ = {
			isa = XCBuildConfiguration;
			buildSettings = {
				ALWAYS_EMBED_SWIFT_STANDARD_LIBRARIES = YES;
				CODE_SIGN_STYLE = Automatic;
				CURRENT_PROJECT_VERSION = 1;
				DEVELOPMENT_TEAM = 47P77YSAZ5;
				GENERATE_INFOPLIST_FILE = YES;
				MARKETING_VERSION = 1.0;
				PRODUCT_BUNDLE_IDENTIFIER = com.Atul.SwapiPlanetsUITests;
				PRODUCT_NAME = "$(TARGET_NAME)";
				SWIFT_EMIT_LOC_STRINGS = NO;
				SWIFT_VERSION = 5.0;
				TARGETED_DEVICE_FAMILY = "1,2";
				TEST_TARGET_NAME = SwapiPlanets;
			};
			name = Debug;
		};
		6BBB77482A1DE73600F17E4A /* Release */ = {
			isa = XCBuildConfiguration;
			buildSettings = {
				ALWAYS_EMBED_SWIFT_STANDARD_LIBRARIES = YES;
				CODE_SIGN_STYLE = Automatic;
				CURRENT_PROJECT_VERSION = 1;
				DEVELOPMENT_TEAM = 47P77YSAZ5;
				GENERATE_INFOPLIST_FILE = YES;
				MARKETING_VERSION = 1.0;
				PRODUCT_BUNDLE_IDENTIFIER = com.Atul.SwapiPlanetsUITests;
				PRODUCT_NAME = "$(TARGET_NAME)";
				SWIFT_EMIT_LOC_STRINGS = NO;
				SWIFT_VERSION = 5.0;
				TARGETED_DEVICE_FAMILY = "1,2";
				TEST_TARGET_NAME = SwapiPlanets;
			};
			name = Release;
		};
/* End XCBuildConfiguration section */

/* Begin XCConfigurationList section */
		6BBB77172A1DE73500F17E4A /* Build configuration list for PBXProject "SwapiPlanets" */ = {
			isa = XCConfigurationList;
			buildConfigurations = (
				6BBB773E2A1DE73600F17E4A /* Debug */,
				6BBB773F2A1DE73600F17E4A /* Release */,
			);
			defaultConfigurationIsVisible = 0;
			defaultConfigurationName = Release;
		};
		6BBB77402A1DE73600F17E4A /* Build configuration list for PBXNativeTarget "SwapiPlanets" */ = {
			isa = XCConfigurationList;
			buildConfigurations = (
				6BBB77412A1DE73600F17E4A /* Debug */,
				6BBB77422A1DE73600F17E4A /* Release */,
			);
			defaultConfigurationIsVisible = 0;
			defaultConfigurationName = Release;
		};
		6BBB77432A1DE73600F17E4A /* Build configuration list for PBXNativeTarget "SwapiPlanetsTests" */ = {
			isa = XCConfigurationList;
			buildConfigurations = (
				6BBB77442A1DE73600F17E4A /* Debug */,
				6BBB77452A1DE73600F17E4A /* Release */,
			);
			defaultConfigurationIsVisible = 0;
			defaultConfigurationName = Release;
		};
		6BBB77462A1DE73600F17E4A /* Build configuration list for PBXNativeTarget "SwapiPlanetsUITests" */ = {
			isa = XCConfigurationList;
			buildConfigurations = (
				6BBB77472A1DE73600F17E4A /* Debug */,
				6BBB77482A1DE73600F17E4A /* Release */,
			);
			defaultConfigurationIsVisible = 0;
			defaultConfigurationName = Release;
		};
/* End XCConfigurationList section */

/* Begin XCVersionGroup section */
		6BBB776C2A1E141C00F17E4A /* PlanetsModel.xcdatamodeld */ = {
			isa = XCVersionGroup;
			children = (
				6BBB776D2A1E141C00F17E4A /* PlanetsModel.xcdatamodel */,
			);
			currentVersion = 6BBB776D2A1E141C00F17E4A /* PlanetsModel.xcdatamodel */;
			path = PlanetsModel.xcdatamodeld;
			sourceTree = "<group>";
			versionGroupType = wrapper.xcdatamodel;
		};
/* End XCVersionGroup section */
	};
	rootObject = 6BBB77142A1DE73500F17E4A /* Project object */;
}
